
Microsoft Visual Studio Solution File, Format Version 12.00
# Visual Studio Version 16
VisualStudioVersion = 16.0.31105.61
MinimumVisualStudioVersion = 10.0.40219.1
Project("{9A19103F-16F7-4668-BE54-9A1E7A4F7556}") = "TriviaServer", "TriviaServer\TriviaServer.csproj", "{AB2F3A2B-886A-457F-9D42-713314C1A6BE}"
EndProject
Project("{9A19103F-16F7-4668-BE54-9A1E7A4F7556}") = "TriviaModel.Tests", "TriviaModel.Tests\TriviaModel.Tests.csproj", "{5361E818-3105-4EF3-92DC-CE1F268E4BFD}"
EndProject
Project("{9A19103F-16F7-4668-BE54-9A1E7A4F7556}") = "TriviaServer.Tests", "TriviaServer.Tests\TriviaServer.Tests.csproj", "{2E336BC8-A221-4D3E-AA69-DA36C2849246}"
EndProject
Project("{FAE04EC0-301F-11D3-BF4B-00C04F79EFBC}") = "TriviaServer.DAL", "TriviaServer.DAL\TriviaServer.DAL.csproj", "{BAFF639C-71D1-4C4B-9563-101A70760098}"
EndProject
Global
	GlobalSection(SolutionConfigurationPlatforms) = preSolution
		Debug|Any CPU = Debug|Any CPU
		Release|Any CPU = Release|Any CPU
	EndGlobalSection
	GlobalSection(ProjectConfigurationPlatforms) = postSolution
		{AB2F3A2B-886A-457F-9D42-713314C1A6BE}.Debug|Any CPU.ActiveCfg = Debug|Any CPU
		{AB2F3A2B-886A-457F-9D42-713314C1A6BE}.Debug|Any CPU.Build.0 = Debug|Any CPU
		{AB2F3A2B-886A-457F-9D42-713314C1A6BE}.Release|Any CPU.ActiveCfg = Release|Any CPU
		{AB2F3A2B-886A-457F-9D42-713314C1A6BE}.Release|Any CPU.Build.0 = Release|Any CPU
		{5361E818-3105-4EF3-92DC-CE1F268E4BFD}.Debug|Any CPU.ActiveCfg = Debug|Any CPU
		{5361E818-3105-4EF3-92DC-CE1F268E4BFD}.Debug|Any CPU.Build.0 = Debug|Any CPU
		{5361E818-3105-4EF3-92DC-CE1F268E4BFD}.Release|Any CPU.ActiveCfg = Release|Any CPU
		{5361E818-3105-4EF3-92DC-CE1F268E4BFD}.Release|Any CPU.Build.0 = Release|Any CPU
		{2E336BC8-A221-4D3E-AA69-DA36C2849246}.Debug|Any CPU.ActiveCfg = Debug|Any CPU
		{2E336BC8-A221-4D3E-AA69-DA36C2849246}.Debug|Any CPU.Build.0 = Debug|Any CPU
		{2E336BC8-A221-4D3E-AA69-DA36C2849246}.Release|Any CPU.ActiveCfg = Release|Any CPU
		{2E336BC8-A221-4D3E-AA69-DA36C2849246}.Release|Any CPU.Build.0 = Release|Any CPU
		{BAFF639C-71D1-4C4B-9563-101A70760098}.Debug|Any CPU.ActiveCfg = Debug|Any CPU
		{BAFF639C-71D1-4C4B-9563-101A70760098}.Debug|Any CPU.Build.0 = Debug|Any CPU
		{BAFF639C-71D1-4C4B-9563-101A70760098}.Release|Any CPU.ActiveCfg = Release|Any CPU
		{BAFF639C-71D1-4C4B-9563-101A70760098}.Release|Any CPU.Build.0 = Release|Any CPU
	EndGlobalSection
	GlobalSection(SolutionProperties) = preSolution
		HideSolutionNode = FALSE
	EndGlobalSection
	GlobalSection(ExtensibilityGlobals) = postSolution
		SolutionGuid = {0D624438-2922-4E5D-9B68-695F003872C0}
	EndGlobalSection
EndGlobal
